
Microsoft Visual Studio Solution File, Format Version 12.00
# Visual Studio 15
VisualStudioVersion = 15.0.27004.2006
MinimumVisualStudioVersion = 10.0.40219.1
Project("{2150E333-8FDC-42A3-9474-1A3956D46DE8}") = "Web", "Web", "{9DFFA61C-1929-4697-92EB-612D42542215}"
EndProject
Project("{2150E333-8FDC-42A3-9474-1A3956D46DE8}") = "Pagamentos", "Pagamentos", "{1848688E-80F1-4B62-8AF4-263108712A94}"
EndProject
Project("{FAE04EC0-301F-11D3-BF4B-00C04F79EFBC}") = "EDA.Poc.Web", "Web\EDA.Poc.Web\EDA.Poc.Web.csproj", "{EB8242AE-A286-4F01-80F8-1ECF8EB4EEF5}"
EndProject
Project("{FAE04EC0-301F-11D3-BF4B-00C04F79EFBC}") = "EDA.Poc.Pagamentos.Consultas", "Pagamentos\EDA.Poc.Pagamentos.Consultas\EDA.Poc.Pagamentos.Consultas.csproj", "{AB5A9CD4-4148-4E4A-82CC-615871FC7DBF}"
EndProject
Project("{FAE04EC0-301F-11D3-BF4B-00C04F79EFBC}") = "EDA.Poc.Pagamentos.ReadModel", "Pagamentos\EDA.Poc.Pagamentos.ReadModel\EDA.Poc.Pagamentos.ReadModel.csproj", "{6287D369-2B5B-42D8-8A71-1834F0890B89}"
EndProject
Project("{2150E333-8FDC-42A3-9474-1A3956D46DE8}") = "Infraestrutura", "Infraestrutura", "{7AD562DB-3F15-42EB-B1B3-3049CDFB3704}"
EndProject
Project("{FAE04EC0-301F-11D3-BF4B-00C04F79EFBC}") = "EDA.Poc.Pagamentos.Commands", "Pagamentos\EDA.Poc.Pagamentos.Commands\EDA.Poc.Pagamentos.Commands.csproj", "{CC78A7D0-0069-40E3-B55E-1692EDF5528D}"
EndProject
Project("{FAE04EC0-301F-11D3-BF4B-00C04F79EFBC}") = "EDA.Poc.Pagamentos.CommandHandlers", "Pagamentos\EDA.Poc.Pagamentos.CommandHandlers\EDA.Poc.Pagamentos.CommandHandlers.csproj", "{26519A89-C791-422E-8C21-1D8D1F70EA77}"
EndProject
Project("{FAE04EC0-301F-11D3-BF4B-00C04F79EFBC}") = "EDA.Poc.Pagamentos.Domain", "Pagamentos\EDA.Poc.Pagamentos.Domain\EDA.Poc.Pagamentos.Domain.csproj", "{4FD0E1D6-A2AC-498F-8F37-11157C32EFB4}"
EndProject
Project("{FAE04EC0-301F-11D3-BF4B-00C04F79EFBC}") = "EDA.Poc.Pagamentos.Events", "Pagamentos\EDA.Poc.Pagamentos.Events\EDA.Poc.Pagamentos.Events.csproj", "{20134C91-B040-4A9F-BA3E-3CDDB237F50E}"
EndProject
Project("{FAE04EC0-301F-11D3-BF4B-00C04F79EFBC}") = "EDA.Poc.Pagamentos.EventHandlers", "Pagamentos\EDA.Poc.Pagamentos.EventHandlers\EDA.Poc.Pagamentos.EventHandlers.csproj", "{E21CABA6-E028-47A2-B039-7A8CB70E7EC7}"
EndProject
Project("{FAE04EC0-301F-11D3-BF4B-00C04F79EFBC}") = "EDA.Poc.Infraestrutura", "Infraestrutura\EDA.Poc.Infraestrutura\EDA.Poc.Infraestrutura.csproj", "{F9948814-029F-48DB-84F1-A86EDDF9CA99}"
EndProject
Project("{2150E333-8FDC-42A3-9474-1A3956D46DE8}") = "Workers", "Workers", "{7E4BB6EA-3B58-4569-B2F3-2F113B4EAE9F}"
EndProject
Project("{FAE04EC0-301F-11D3-BF4B-00C04F79EFBC}") = "EDA.Poc.Worker.ConsoleApplication", "Workers\EDA.Poc.Worker.ConsoleApplication\EDA.Poc.Worker.ConsoleApplication.csproj", "{DC06389A-6BF7-4E91-A51E-692252670E79}"
EndProject
Project("{FAE04EC0-301F-11D3-BF4B-00C04F79EFBC}") = "EDA.Poc.Pagamentos.Domain.Enums", "Pagamentos\EDA.Poc.Pagamentos.Domain.Enums\EDA.Poc.Pagamentos.Domain.Enums.csproj", "{E812FBAD-1ACE-43F5-85FC-3F95848C855A}"
EndProject
Project("{FAE04EC0-301F-11D3-BF4B-00C04F79EFBC}") = "EDA.Poc.Infraestrutura.MongoDb", "Infraestrutura\EDA.Poc.Infraestrutura.MongoDb\EDA.Poc.Infraestrutura.MongoDb.csproj", "{8558D4DE-CBB3-4EAE-876E-6035B3F32DC8}"
EndProject
Project("{2150E333-8FDC-42A3-9474-1A3956D46DE8}") = "Integracoes", "Integracoes", "{CF85124E-13FE-430F-9BBD-05545DE6F9C4}"
EndProject
Project("{FAE04EC0-301F-11D3-BF4B-00C04F79EFBC}") = "EDA.Poc.IntegracaoTemporaria.Events", "Integracoes\EDA.Poc.IntegracaoTemporaria.Events\EDA.Poc.IntegracaoTemporaria.Events.csproj", "{805E3CEE-2AD8-4969-B4CC-84FE6728906E}"
EndProject
Project("{FAE04EC0-301F-11D3-BF4B-00C04F79EFBC}") = "EDA.Poc.IntegracaoTemporaria", "Integracoes\EDA.Poc.IntegracaoTemporaria\EDA.Poc.IntegracaoTemporaria.csproj", "{DB5C313F-3A8D-4197-8A99-F9F420F6453D}"
EndProject
Project("{FAE04EC0-301F-11D3-BF4B-00C04F79EFBC}") = "EDA.Poc.Pagamentos.Denormalizers", "Pagamentos\EDA.Poc.Pagamentos.Denormalizers\EDA.Poc.Pagamentos.Denormalizers.csproj", "{0B4FF2B0-631E-4126-BEB1-320D7D8F810A}"
EndProject
Project("{FAE04EC0-301F-11D3-BF4B-00C04F79EFBC}") = "EDA.Poc.Pagamentos.Consultas.MongoDb", "Pagamentos\EDA.Poc.Pagamentos.Consultas.MongoDb\EDA.Poc.Pagamentos.Consultas.MongoDb.csproj", "{08881EE8-BC28-4757-A591-D387D4669020}"
EndProject
Project("{FAE04EC0-301F-11D3-BF4B-00C04F79EFBC}") = "EDA.Poc.IntegracaoLMS", "Integracoes\EDA.Poc.IntegracaoLMS\EDA.Poc.IntegracaoLMS.csproj", "{45E53D13-1FEE-4F94-9FA3-FF3B6CC4CCD7}"
EndProject
Project("{FAE04EC0-301F-11D3-BF4B-00C04F79EFBC}") = "EDA.Poc.Infraestrutura.EventStore", "EDA.Poc.Infraestrutura.EventStore\EDA.Poc.Infraestrutura.EventStore.csproj", "{767223FC-D7FF-4348-8FA8-C66FB5C2E0A8}"
EndProject
Global
	GlobalSection(SolutionConfigurationPlatforms) = preSolution
		Debug|Any CPU = Debug|Any CPU
		Release|Any CPU = Release|Any CPU
	EndGlobalSection
	GlobalSection(ProjectConfigurationPlatforms) = postSolution
		{EB8242AE-A286-4F01-80F8-1ECF8EB4EEF5}.Debug|Any CPU.ActiveCfg = Debug|Any CPU
		{EB8242AE-A286-4F01-80F8-1ECF8EB4EEF5}.Debug|Any CPU.Build.0 = Debug|Any CPU
		{EB8242AE-A286-4F01-80F8-1ECF8EB4EEF5}.Release|Any CPU.ActiveCfg = Release|Any CPU
		{EB8242AE-A286-4F01-80F8-1ECF8EB4EEF5}.Release|Any CPU.Build.0 = Release|Any CPU
		{AB5A9CD4-4148-4E4A-82CC-615871FC7DBF}.Debug|Any CPU.ActiveCfg = Debug|Any CPU
		{AB5A9CD4-4148-4E4A-82CC-615871FC7DBF}.Debug|Any CPU.Build.0 = Debug|Any CPU
		{AB5A9CD4-4148-4E4A-82CC-615871FC7DBF}.Release|Any CPU.ActiveCfg = Release|Any CPU
		{AB5A9CD4-4148-4E4A-82CC-615871FC7DBF}.Release|Any CPU.Build.0 = Release|Any CPU
		{6287D369-2B5B-42D8-8A71-1834F0890B89}.Debug|Any CPU.ActiveCfg = Debug|Any CPU
		{6287D369-2B5B-42D8-8A71-1834F0890B89}.Debug|Any CPU.Build.0 = Debug|Any CPU
		{6287D369-2B5B-42D8-8A71-1834F0890B89}.Release|Any CPU.ActiveCfg = Release|Any CPU
		{6287D369-2B5B-42D8-8A71-1834F0890B89}.Release|Any CPU.Build.0 = Release|Any CPU
		{CC78A7D0-0069-40E3-B55E-1692EDF5528D}.Debug|Any CPU.ActiveCfg = Debug|Any CPU
		{CC78A7D0-0069-40E3-B55E-1692EDF5528D}.Debug|Any CPU.Build.0 = Debug|Any CPU
		{CC78A7D0-0069-40E3-B55E-1692EDF5528D}.Release|Any CPU.ActiveCfg = Release|Any CPU
		{CC78A7D0-0069-40E3-B55E-1692EDF5528D}.Release|Any CPU.Build.0 = Release|Any CPU
		{26519A89-C791-422E-8C21-1D8D1F70EA77}.Debug|Any CPU.ActiveCfg = Debug|Any CPU
		{26519A89-C791-422E-8C21-1D8D1F70EA77}.Debug|Any CPU.Build.0 = Debug|Any CPU
		{26519A89-C791-422E-8C21-1D8D1F70EA77}.Release|Any CPU.ActiveCfg = Release|Any CPU
		{26519A89-C791-422E-8C21-1D8D1F70EA77}.Release|Any CPU.Build.0 = Release|Any CPU
		{4FD0E1D6-A2AC-498F-8F37-11157C32EFB4}.Debug|Any CPU.ActiveCfg = Debug|Any CPU
		{4FD0E1D6-A2AC-498F-8F37-11157C32EFB4}.Debug|Any CPU.Build.0 = Debug|Any CPU
		{4FD0E1D6-A2AC-498F-8F37-11157C32EFB4}.Release|Any CPU.ActiveCfg = Release|Any CPU
		{4FD0E1D6-A2AC-498F-8F37-11157C32EFB4}.Release|Any CPU.Build.0 = Release|Any CPU
		{20134C91-B040-4A9F-BA3E-3CDDB237F50E}.Debug|Any CPU.ActiveCfg = Debug|Any CPU
		{20134C91-B040-4A9F-BA3E-3CDDB237F50E}.Debug|Any CPU.Build.0 = Debug|Any CPU
		{20134C91-B040-4A9F-BA3E-3CDDB237F50E}.Release|Any CPU.ActiveCfg = Release|Any CPU
		{20134C91-B040-4A9F-BA3E-3CDDB237F50E}.Release|Any CPU.Build.0 = Release|Any CPU
		{E21CABA6-E028-47A2-B039-7A8CB70E7EC7}.Debug|Any CPU.ActiveCfg = Debug|Any CPU
		{E21CABA6-E028-47A2-B039-7A8CB70E7EC7}.Debug|Any CPU.Build.0 = Debug|Any CPU
		{E21CABA6-E028-47A2-B039-7A8CB70E7EC7}.Release|Any CPU.ActiveCfg = Release|Any CPU
		{E21CABA6-E028-47A2-B039-7A8CB70E7EC7}.Release|Any CPU.Build.0 = Release|Any CPU
		{F9948814-029F-48DB-84F1-A86EDDF9CA99}.Debug|Any CPU.ActiveCfg = Debug|Any CPU
		{F9948814-029F-48DB-84F1-A86EDDF9CA99}.Debug|Any CPU.Build.0 = Debug|Any CPU
		{F9948814-029F-48DB-84F1-A86EDDF9CA99}.Release|Any CPU.ActiveCfg = Release|Any CPU
		{F9948814-029F-48DB-84F1-A86EDDF9CA99}.Release|Any CPU.Build.0 = Release|Any CPU
		{DC06389A-6BF7-4E91-A51E-692252670E79}.Debug|Any CPU.ActiveCfg = Debug|Any CPU
		{DC06389A-6BF7-4E91-A51E-692252670E79}.Debug|Any CPU.Build.0 = Debug|Any CPU
		{DC06389A-6BF7-4E91-A51E-692252670E79}.Release|Any CPU.ActiveCfg = Release|Any CPU
		{DC06389A-6BF7-4E91-A51E-692252670E79}.Release|Any CPU.Build.0 = Release|Any CPU
		{E812FBAD-1ACE-43F5-85FC-3F95848C855A}.Debug|Any CPU.ActiveCfg = Debug|Any CPU
		{E812FBAD-1ACE-43F5-85FC-3F95848C855A}.Debug|Any CPU.Build.0 = Debug|Any CPU
		{E812FBAD-1ACE-43F5-85FC-3F95848C855A}.Release|Any CPU.ActiveCfg = Release|Any CPU
		{E812FBAD-1ACE-43F5-85FC-3F95848C855A}.Release|Any CPU.Build.0 = Release|Any CPU
		{8558D4DE-CBB3-4EAE-876E-6035B3F32DC8}.Debug|Any CPU.ActiveCfg = Debug|Any CPU
		{8558D4DE-CBB3-4EAE-876E-6035B3F32DC8}.Debug|Any CPU.Build.0 = Debug|Any CPU
		{8558D4DE-CBB3-4EAE-876E-6035B3F32DC8}.Release|Any CPU.ActiveCfg = Release|Any CPU
		{8558D4DE-CBB3-4EAE-876E-6035B3F32DC8}.Release|Any CPU.Build.0 = Release|Any CPU
		{805E3CEE-2AD8-4969-B4CC-84FE6728906E}.Debug|Any CPU.ActiveCfg = Debug|Any CPU
		{805E3CEE-2AD8-4969-B4CC-84FE6728906E}.Debug|Any CPU.Build.0 = Debug|Any CPU
		{805E3CEE-2AD8-4969-B4CC-84FE6728906E}.Release|Any CPU.ActiveCfg = Release|Any CPU
		{805E3CEE-2AD8-4969-B4CC-84FE6728906E}.Release|Any CPU.Build.0 = Release|Any CPU
		{DB5C313F-3A8D-4197-8A99-F9F420F6453D}.Debug|Any CPU.ActiveCfg = Debug|Any CPU
		{DB5C313F-3A8D-4197-8A99-F9F420F6453D}.Debug|Any CPU.Build.0 = Debug|Any CPU
		{DB5C313F-3A8D-4197-8A99-F9F420F6453D}.Release|Any CPU.ActiveCfg = Release|Any CPU
		{DB5C313F-3A8D-4197-8A99-F9F420F6453D}.Release|Any CPU.Build.0 = Release|Any CPU
		{0B4FF2B0-631E-4126-BEB1-320D7D8F810A}.Debug|Any CPU.ActiveCfg = Debug|Any CPU
		{0B4FF2B0-631E-4126-BEB1-320D7D8F810A}.Debug|Any CPU.Build.0 = Debug|Any CPU
		{0B4FF2B0-631E-4126-BEB1-320D7D8F810A}.Release|Any CPU.ActiveCfg = Release|Any CPU
		{0B4FF2B0-631E-4126-BEB1-320D7D8F810A}.Release|Any CPU.Build.0 = Release|Any CPU
		{08881EE8-BC28-4757-A591-D387D4669020}.Debug|Any CPU.ActiveCfg = Debug|Any CPU
		{08881EE8-BC28-4757-A591-D387D4669020}.Debug|Any CPU.Build.0 = Debug|Any CPU
		{08881EE8-BC28-4757-A591-D387D4669020}.Release|Any CPU.ActiveCfg = Release|Any CPU
		{45E53D13-1FEE-4F94-9FA3-FF3B6CC4CCD7}.Debug|Any CPU.ActiveCfg = Debug|Any CPU
		{45E53D13-1FEE-4F94-9FA3-FF3B6CC4CCD7}.Debug|Any CPU.Build.0 = Debug|Any CPU
		{45E53D13-1FEE-4F94-9FA3-FF3B6CC4CCD7}.Release|Any CPU.ActiveCfg = Release|Any CPU
		{45E53D13-1FEE-4F94-9FA3-FF3B6CC4CCD7}.Release|Any CPU.Build.0 = Release|Any CPU
		{767223FC-D7FF-4348-8FA8-C66FB5C2E0A8}.Debug|Any CPU.ActiveCfg = Debug|Any CPU
		{767223FC-D7FF-4348-8FA8-C66FB5C2E0A8}.Debug|Any CPU.Build.0 = Debug|Any CPU
		{767223FC-D7FF-4348-8FA8-C66FB5C2E0A8}.Release|Any CPU.ActiveCfg = Release|Any CPU
		{767223FC-D7FF-4348-8FA8-C66FB5C2E0A8}.Release|Any CPU.Build.0 = Release|Any CPU
	EndGlobalSection
	GlobalSection(SolutionProperties) = preSolution
		HideSolutionNode = FALSE
	EndGlobalSection
	GlobalSection(NestedProjects) = preSolution
		{EB8242AE-A286-4F01-80F8-1ECF8EB4EEF5} = {9DFFA61C-1929-4697-92EB-612D42542215}
		{AB5A9CD4-4148-4E4A-82CC-615871FC7DBF} = {1848688E-80F1-4B62-8AF4-263108712A94}
		{6287D369-2B5B-42D8-8A71-1834F0890B89} = {1848688E-80F1-4B62-8AF4-263108712A94}
		{CC78A7D0-0069-40E3-B55E-1692EDF5528D} = {1848688E-80F1-4B62-8AF4-263108712A94}
		{26519A89-C791-422E-8C21-1D8D1F70EA77} = {1848688E-80F1-4B62-8AF4-263108712A94}
		{4FD0E1D6-A2AC-498F-8F37-11157C32EFB4} = {1848688E-80F1-4B62-8AF4-263108712A94}
		{20134C91-B040-4A9F-BA3E-3CDDB237F50E} = {1848688E-80F1-4B62-8AF4-263108712A94}
		{E21CABA6-E028-47A2-B039-7A8CB70E7EC7} = {1848688E-80F1-4B62-8AF4-263108712A94}
		{F9948814-029F-48DB-84F1-A86EDDF9CA99} = {7AD562DB-3F15-42EB-B1B3-3049CDFB3704}
		{DC06389A-6BF7-4E91-A51E-692252670E79} = {7E4BB6EA-3B58-4569-B2F3-2F113B4EAE9F}
		{E812FBAD-1ACE-43F5-85FC-3F95848C855A} = {1848688E-80F1-4B62-8AF4-263108712A94}
		{8558D4DE-CBB3-4EAE-876E-6035B3F32DC8} = {7AD562DB-3F15-42EB-B1B3-3049CDFB3704}
		{805E3CEE-2AD8-4969-B4CC-84FE6728906E} = {CF85124E-13FE-430F-9BBD-05545DE6F9C4}
		{DB5C313F-3A8D-4197-8A99-F9F420F6453D} = {CF85124E-13FE-430F-9BBD-05545DE6F9C4}
		{0B4FF2B0-631E-4126-BEB1-320D7D8F810A} = {1848688E-80F1-4B62-8AF4-263108712A94}
		{08881EE8-BC28-4757-A591-D387D4669020} = {1848688E-80F1-4B62-8AF4-263108712A94}
		{45E53D13-1FEE-4F94-9FA3-FF3B6CC4CCD7} = {CF85124E-13FE-430F-9BBD-05545DE6F9C4}
		{767223FC-D7FF-4348-8FA8-C66FB5C2E0A8} = {7AD562DB-3F15-42EB-B1B3-3049CDFB3704}
	EndGlobalSection
	GlobalSection(ExtensibilityGlobals) = postSolution
		SolutionGuid = {7959CB7E-E1ED-46E2-BA2A-1D57AA736E7E}
	EndGlobalSection
EndGlobal
